// !$*UTF8*$!
{
	archiveVersion = 1;
	classes = {
	};
	objectVersion = 50;
	objects = {

/* Begin PBXBuildFile section */
		624D3DD525C74D40006D5837 /* AppDelegate.swift in Sources */ = {isa = PBXBuildFile; fileRef = 624D3DD425C74D40006D5837 /* AppDelegate.swift */; };
		624D3DD725C74D40006D5837 /* SceneDelegate.swift in Sources */ = {isa = PBXBuildFile; fileRef = 624D3DD625C74D40006D5837 /* SceneDelegate.swift */; };
		624D3DD925C74D40006D5837 /* PostViewController.swift in Sources */ = {isa = PBXBuildFile; fileRef = 624D3DD825C74D40006D5837 /* PostViewController.swift */; };
		624D3DDC25C74D40006D5837 /* Main.storyboard in Resources */ = {isa = PBXBuildFile; fileRef = 624D3DDA25C74D40006D5837 /* Main.storyboard */; };
		624D3DDE25C74D41006D5837 /* Assets.xcassets in Resources */ = {isa = PBXBuildFile; fileRef = 624D3DDD25C74D41006D5837 /* Assets.xcassets */; };
		624D3DE125C74D41006D5837 /* LaunchScreen.storyboard in Resources */ = {isa = PBXBuildFile; fileRef = 624D3DDF25C74D41006D5837 /* LaunchScreen.storyboard */; };
		624D3DEC25C74D41006D5837 /* myAppUIKitTests.swift in Sources */ = {isa = PBXBuildFile; fileRef = 624D3DEB25C74D41006D5837 /* myAppUIKitTests.swift */; };
		624D3DF725C74D41006D5837 /* myAppUIKitUITests.swift in Sources */ = {isa = PBXBuildFile; fileRef = 624D3DF625C74D41006D5837 /* myAppUIKitUITests.swift */; };
		6293474425C7D0CE00D2FAB4 /* UITextViewPlaceholder.swift in Sources */ = {isa = PBXBuildFile; fileRef = 6293474325C7D0CE00D2FAB4 /* UITextViewPlaceholder.swift */; };
		6293474C25C7E27800D2FAB4 /* UITextView+Additions.swift in Sources */ = {isa = PBXBuildFile; fileRef = 6293474B25C7E27800D2FAB4 /* UITextView+Additions.swift */; };
		6293477A25CA052600D2FAB4 /* ScrollPostViewController.swift in Sources */ = {isa = PBXBuildFile; fileRef = 6293477925CA052600D2FAB4 /* ScrollPostViewController.swift */; };
		62CC496225CF49920050B7F3 /* NewsData.swift in Sources */ = {isa = PBXBuildFile; fileRef = 62CC496125CF49920050B7F3 /* NewsData.swift */; };
		62CC496B25CF62080050B7F3 /* DataTableViewCell.swift in Sources */ = {isa = PBXBuildFile; fileRef = 62CC496A25CF62080050B7F3 /* DataTableViewCell.swift */; };
		62CC498125CF6A4A0050B7F3 /* ListTableViewController.swift in Sources */ = {isa = PBXBuildFile; fileRef = 62CC498025CF6A4A0050B7F3 /* ListTableViewController.swift */; };
/* End PBXBuildFile section */

/* Begin PBXContainerItemProxy section */
		624D3DE825C74D41006D5837 /* PBXContainerItemProxy */ = {
			isa = PBXContainerItemProxy;
			containerPortal = 624D3DC925C74D40006D5837 /* Project object */;
			proxyType = 1;
			remoteGlobalIDString = 624D3DD025C74D40006D5837;
			remoteInfo = myAppUIKit;
		};
		624D3DF325C74D41006D5837 /* PBXContainerItemProxy */ = {
			isa = PBXContainerItemProxy;
			containerPortal = 624D3DC925C74D40006D5837 /* Project object */;
			proxyType = 1;
			remoteGlobalIDString = 624D3DD025C74D40006D5837;
			remoteInfo = myAppUIKit;
		};
/* End PBXContainerItemProxy section */

/* Begin PBXFileReference section */
		624D3DD125C74D40006D5837 /* myAppUIKit.app */ = {isa = PBXFileReference; explicitFileType = wrapper.application; includeInIndex = 0; path = myAppUIKit.app; sourceTree = BUILT_PRODUCTS_DIR; };
		624D3DD425C74D40006D5837 /* AppDelegate.swift */ = {isa = PBXFileReference; lastKnownFileType = sourcecode.swift; path = AppDelegate.swift; sourceTree = "<group>"; };
		624D3DD625C74D40006D5837 /* SceneDelegate.swift */ = {isa = PBXFileReference; lastKnownFileType = sourcecode.swift; path = SceneDelegate.swift; sourceTree = "<group>"; };
		624D3DD825C74D40006D5837 /* PostViewController.swift */ = {isa = PBXFileReference; lastKnownFileType = sourcecode.swift; path = PostViewController.swift; sourceTree = "<group>"; };
		624D3DDB25C74D40006D5837 /* Base */ = {isa = PBXFileReference; lastKnownFileType = file.storyboard; name = Base; path = Base.lproj/Main.storyboard; sourceTree = "<group>"; };
		624D3DDD25C74D41006D5837 /* Assets.xcassets */ = {isa = PBXFileReference; lastKnownFileType = folder.assetcatalog; path = Assets.xcassets; sourceTree = "<group>"; };
		624D3DE025C74D41006D5837 /* Base */ = {isa = PBXFileReference; lastKnownFileType = file.storyboard; name = Base; path = Base.lproj/LaunchScreen.storyboard; sourceTree = "<group>"; };
		624D3DE225C74D41006D5837 /* Info.plist */ = {isa = PBXFileReference; lastKnownFileType = text.plist.xml; path = Info.plist; sourceTree = "<group>"; };
		624D3DE725C74D41006D5837 /* myAppUIKitTests.xctest */ = {isa = PBXFileReference; explicitFileType = wrapper.cfbundle; includeInIndex = 0; path = myAppUIKitTests.xctest; sourceTree = BUILT_PRODUCTS_DIR; };
		624D3DEB25C74D41006D5837 /* myAppUIKitTests.swift */ = {isa = PBXFileReference; lastKnownFileType = sourcecode.swift; path = myAppUIKitTests.swift; sourceTree = "<group>"; };
		624D3DED25C74D41006D5837 /* Info.plist */ = {isa = PBXFileReference; lastKnownFileType = text.plist.xml; path = Info.plist; sourceTree = "<group>"; };
		624D3DF225C74D41006D5837 /* myAppUIKitUITests.xctest */ = {isa = PBXFileReference; explicitFileType = wrapper.cfbundle; includeInIndex = 0; path = myAppUIKitUITests.xctest; sourceTree = BUILT_PRODUCTS_DIR; };
		624D3DF625C74D41006D5837 /* myAppUIKitUITests.swift */ = {isa = PBXFileReference; lastKnownFileType = sourcecode.swift; path = myAppUIKitUITests.swift; sourceTree = "<group>"; };
		624D3DF825C74D41006D5837 /* Info.plist */ = {isa = PBXFileReference; lastKnownFileType = text.plist.xml; path = Info.plist; sourceTree = "<group>"; };
		6293474325C7D0CE00D2FAB4 /* UITextViewPlaceholder.swift */ = {isa = PBXFileReference; lastKnownFileType = sourcecode.swift; path = UITextViewPlaceholder.swift; sourceTree = "<group>"; };
		6293474B25C7E27800D2FAB4 /* UITextView+Additions.swift */ = {isa = PBXFileReference; lastKnownFileType = sourcecode.swift; path = "UITextView+Additions.swift"; sourceTree = "<group>"; };
		6293477925CA052600D2FAB4 /* ScrollPostViewController.swift */ = {isa = PBXFileReference; lastKnownFileType = sourcecode.swift; path = ScrollPostViewController.swift; sourceTree = "<group>"; };
		62CC496125CF49920050B7F3 /* NewsData.swift */ = {isa = PBXFileReference; lastKnownFileType = sourcecode.swift; path = NewsData.swift; sourceTree = "<group>"; };
		62CC496A25CF62080050B7F3 /* DataTableViewCell.swift */ = {isa = PBXFileReference; lastKnownFileType = sourcecode.swift; path = DataTableViewCell.swift; sourceTree = "<group>"; };
		62CC498025CF6A4A0050B7F3 /* ListTableViewController.swift */ = {isa = PBXFileReference; lastKnownFileType = sourcecode.swift; path = ListTableViewController.swift; sourceTree = "<group>"; };
/* End PBXFileReference section */

/* Begin PBXFrameworksBuildPhase section */
		624D3DCE25C74D40006D5837 /* Frameworks */ = {
			isa = PBXFrameworksBuildPhase;
			buildActionMask = 2147483647;
			files = (
			);
			runOnlyForDeploymentPostprocessing = 0;
		};
		624D3DE425C74D41006D5837 /* Frameworks */ = {
			isa = PBXFrameworksBuildPhase;
			buildActionMask = 2147483647;
			files = (
			);
			runOnlyForDeploymentPostprocessing = 0;
		};
		624D3DEF25C74D41006D5837 /* Frameworks */ = {
			isa = PBXFrameworksBuildPhase;
			buildActionMask = 2147483647;
			files = (
			);
			runOnlyForDeploymentPostprocessing = 0;
		};
/* End PBXFrameworksBuildPhase section */

/* Begin PBXGroup section */
		624D3DC825C74D40006D5837 = {
			isa = PBXGroup;
			children = (
				624D3DD325C74D40006D5837 /* myAppUIKit */,
				624D3DEA25C74D41006D5837 /* myAppUIKitTests */,
				624D3DF525C74D41006D5837 /* myAppUIKitUITests */,
				624D3DD225C74D40006D5837 /* Products */,
			);
			sourceTree = "<group>";
		};
		624D3DD225C74D40006D5837 /* Products */ = {
			isa = PBXGroup;
			children = (
				624D3DD125C74D40006D5837 /* myAppUIKit.app */,
				624D3DE725C74D41006D5837 /* myAppUIKitTests.xctest */,
				624D3DF225C74D41006D5837 /* myAppUIKitUITests.xctest */,
			);
			name = Products;
			sourceTree = "<group>";
		};
		624D3DD325C74D40006D5837 /* myAppUIKit */ = {
			isa = PBXGroup;
			children = (
				62CC497C25CF6A080050B7F3 /* ViewControllers */,
				62CC496F25CF620E0050B7F3 /* View */,
				62CC496625CF49990050B7F3 /* Model */,
				6293474225C7D0B400D2FAB4 /* Utility */,
				624D3DD425C74D40006D5837 /* AppDelegate.swift */,
				624D3DD625C74D40006D5837 /* SceneDelegate.swift */,
				624D3DDA25C74D40006D5837 /* Main.storyboard */,
				624D3DDD25C74D41006D5837 /* Assets.xcassets */,
				624D3DDF25C74D41006D5837 /* LaunchScreen.storyboard */,
				624D3DE225C74D41006D5837 /* Info.plist */,
			);
			path = myAppUIKit;
			sourceTree = "<group>";
		};
		624D3DEA25C74D41006D5837 /* myAppUIKitTests */ = {
			isa = PBXGroup;
			children = (
				624D3DEB25C74D41006D5837 /* myAppUIKitTests.swift */,
				624D3DED25C74D41006D5837 /* Info.plist */,
			);
			path = myAppUIKitTests;
			sourceTree = "<group>";
		};
		624D3DF525C74D41006D5837 /* myAppUIKitUITests */ = {
			isa = PBXGroup;
			children = (
				624D3DF625C74D41006D5837 /* myAppUIKitUITests.swift */,
				624D3DF825C74D41006D5837 /* Info.plist */,
			);
			path = myAppUIKitUITests;
			sourceTree = "<group>";
		};
		6293474225C7D0B400D2FAB4 /* Utility */ = {
			isa = PBXGroup;
			children = (
				6293474325C7D0CE00D2FAB4 /* UITextViewPlaceholder.swift */,
				6293474B25C7E27800D2FAB4 /* UITextView+Additions.swift */,
			);
			path = Utility;
			sourceTree = "<group>";
		};
		62CC496625CF49990050B7F3 /* Model */ = {
			isa = PBXGroup;
			children = (
				62CC496125CF49920050B7F3 /* NewsData.swift */,
			);
			path = Model;
			sourceTree = "<group>";
		};
		62CC496F25CF620E0050B7F3 /* View */ = {
			isa = PBXGroup;
			children = (
				62CC496A25CF62080050B7F3 /* DataTableViewCell.swift */,
			);
			path = View;
			sourceTree = "<group>";
		};
		62CC497C25CF6A080050B7F3 /* ViewControllers */ = {
			isa = PBXGroup;
			children = (
				624D3DD825C74D40006D5837 /* PostViewController.swift */,
				6293477925CA052600D2FAB4 /* ScrollPostViewController.swift */,
				62CC498025CF6A4A0050B7F3 /* ListTableViewController.swift */,
			);
			path = ViewControllers;
			sourceTree = "<group>";
		};
/* End PBXGroup section */

/* Begin PBXNativeTarget section */
		624D3DD025C74D40006D5837 /* myAppUIKit */ = {
			isa = PBXNativeTarget;
			buildConfigurationList = 624D3DFB25C74D41006D5837 /* Build configuration list for PBXNativeTarget "myAppUIKit" */;
			buildPhases = (
				624D3DCD25C74D40006D5837 /* Sources */,
				624D3DCE25C74D40006D5837 /* Frameworks */,
				624D3DCF25C74D40006D5837 /* Resources */,
			);
			buildRules = (
			);
			dependencies = (
			);
			name = myAppUIKit;
			productName = myAppUIKit;
			productReference = 624D3DD125C74D40006D5837 /* myAppUIKit.app */;
			productType = "com.apple.product-type.application";
		};
		624D3DE625C74D41006D5837 /* myAppUIKitTests */ = {
			isa = PBXNativeTarget;
			buildConfigurationList = 624D3DFE25C74D41006D5837 /* Build configuration list for PBXNativeTarget "myAppUIKitTests" */;
			buildPhases = (
				624D3DE325C74D41006D5837 /* Sources */,
				624D3DE425C74D41006D5837 /* Frameworks */,
				624D3DE525C74D41006D5837 /* Resources */,
			);
			buildRules = (
			);
			dependencies = (
				624D3DE925C74D41006D5837 /* PBXTargetDependency */,
			);
			name = myAppUIKitTests;
			productName = myAppUIKitTests;
			productReference = 624D3DE725C74D41006D5837 /* myAppUIKitTests.xctest */;
			productType = "com.apple.product-type.bundle.unit-test";
		};
		624D3DF125C74D41006D5837 /* myAppUIKitUITests */ = {
			isa = PBXNativeTarget;
			buildConfigurationList = 624D3E0125C74D41006D5837 /* Build configuration list for PBXNativeTarget "myAppUIKitUITests" */;
			buildPhases = (
				624D3DEE25C74D41006D5837 /* Sources */,
				624D3DEF25C74D41006D5837 /* Frameworks */,
				624D3DF025C74D41006D5837 /* Resources */,
			);
			buildRules = (
			);
			dependencies = (
				624D3DF425C74D41006D5837 /* PBXTargetDependency */,
			);
			name = myAppUIKitUITests;
			productName = myAppUIKitUITests;
			productReference = 624D3DF225C74D41006D5837 /* myAppUIKitUITests.xctest */;
			productType = "com.apple.product-type.bundle.ui-testing";
		};
/* End PBXNativeTarget section */

/* Begin PBXProject section */
		624D3DC925C74D40006D5837 /* Project object */ = {
			isa = PBXProject;
			attributes = {
				LastSwiftUpdateCheck = 1240;
				LastUpgradeCheck = 1240;
				TargetAttributes = {
					624D3DD025C74D40006D5837 = {
						CreatedOnToolsVersion = 12.4;
					};
					624D3DE625C74D41006D5837 = {
						CreatedOnToolsVersion = 12.4;
						TestTargetID = 624D3DD025C74D40006D5837;
					};
					624D3DF125C74D41006D5837 = {
						CreatedOnToolsVersion = 12.4;
						TestTargetID = 624D3DD025C74D40006D5837;
					};
				};
			};
			buildConfigurationList = 624D3DCC25C74D40006D5837 /* Build configuration list for PBXProject "myAppUIKit" */;
			compatibilityVersion = "Xcode 9.3";
			developmentRegion = en;
			hasScannedForEncodings = 0;
			knownRegions = (
				en,
				Base,
			);
			mainGroup = 624D3DC825C74D40006D5837;
			productRefGroup = 624D3DD225C74D40006D5837 /* Products */;
			projectDirPath = "";
			projectRoot = "";
			targets = (
				624D3DD025C74D40006D5837 /* myAppUIKit */,
				624D3DE625C74D41006D5837 /* myAppUIKitTests */,
				624D3DF125C74D41006D5837 /* myAppUIKitUITests */,
			);
		};
/* End PBXProject section */

/* Begin PBXResourcesBuildPhase section */
		624D3DCF25C74D40006D5837 /* Resources */ = {
			isa = PBXResourcesBuildPhase;
			buildActionMask = 2147483647;
			files = (
				624D3DE125C74D41006D5837 /* LaunchScreen.storyboard in Resources */,
				624D3DDE25C74D41006D5837 /* Assets.xcassets in Resources */,
				624D3DDC25C74D40006D5837 /* Main.storyboard in Resources */,
			);
			runOnlyForDeploymentPostprocessing = 0;
		};
		624D3DE525C74D41006D5837 /* Resources */ = {
			isa = PBXResourcesBuildPhase;
			buildActionMask = 2147483647;
			files = (
			);
			runOnlyForDeploymentPostprocessing = 0;
		};
		624D3DF025C74D41006D5837 /* Resources */ = {
			isa = PBXResourcesBuildPhase;
			buildActionMask = 2147483647;
			files = (
			);
			runOnlyForDeploymentPostprocessing = 0;
		};
/* End PBXResourcesBuildPhase section */

/* Begin PBXSourcesBuildPhase section */
		624D3DCD25C74D40006D5837 /* Sources */ = {
			isa = PBXSourcesBuildPhase;
			buildActionMask = 2147483647;
			files = (
				624D3DD925C74D40006D5837 /* PostViewController.swift in Sources */,
				6293477A25CA052600D2FAB4 /* ScrollPostViewController.swift in Sources */,
				624D3DD525C74D40006D5837 /* AppDelegate.swift in Sources */,
				624D3DD725C74D40006D5837 /* SceneDelegate.swift in Sources */,
				6293474C25C7E27800D2FAB4 /* UITextView+Additions.swift in Sources */,
				6293474425C7D0CE00D2FAB4 /* UITextViewPlaceholder.swift in Sources */,
				62CC498125CF6A4A0050B7F3 /* ListTableViewController.swift in Sources */,
				62CC496225CF49920050B7F3 /* NewsData.swift in Sources */,
				62CC496B25CF62080050B7F3 /* DataTableViewCell.swift in Sources */,
			);
			runOnlyForDeploymentPostprocessing = 0;
		};
		624D3DE325C74D41006D5837 /* Sources */ = {
			isa = PBXSourcesBuildPhase;
			buildActionMask = 2147483647;
			files = (
				624D3DEC25C74D41006D5837 /* myAppUIKitTests.swift in Sources */,
			);
			runOnlyForDeploymentPostprocessing = 0;
		};
		624D3DEE25C74D41006D5837 /* Sources */ = {
			isa = PBXSourcesBuildPhase;
			buildActionMask = 2147483647;
			files = (
				624D3DF725C74D41006D5837 /* myAppUIKitUITests.swift in Sources */,
			);
			runOnlyForDeploymentPostprocessing = 0;
		};
/* End PBXSourcesBuildPhase section */

/* Begin PBXTargetDependency section */
		624D3DE925C74D41006D5837 /* PBXTargetDependency */ = {
			isa = PBXTargetDependency;
			target = 624D3DD025C74D40006D5837 /* myAppUIKit */;
			targetProxy = 624D3DE825C74D41006D5837 /* PBXContainerItemProxy */;
		};
		624D3DF425C74D41006D5837 /* PBXTargetDependency */ = {
			isa = PBXTargetDependency;
			target = 624D3DD025C74D40006D5837 /* myAppUIKit */;
			targetProxy = 624D3DF325C74D41006D5837 /* PBXContainerItemProxy */;
		};
/* End PBXTargetDependency section */

/* Begin PBXVariantGroup section */
		624D3DDA25C74D40006D5837 /* Main.storyboard */ = {
			isa = PBXVariantGroup;
			children = (
				624D3DDB25C74D40006D5837 /* Base */,
			);
			name = Main.storyboard;
			sourceTree = "<group>";
		};
		624D3DDF25C74D41006D5837 /* LaunchScreen.storyboard */ = {
			isa = PBXVariantGroup;
			children = (
				624D3DE025C74D41006D5837 /* Base */,
			);
			name = LaunchScreen.storyboard;
			sourceTree = "<group>";
		};
/* End PBXVariantGroup section */

/* Begin XCBuildConfiguration section */
		624D3DF925C74D41006D5837 /* Debug */ = {
			isa = XCBuildConfiguration;
			buildSettings = {
				ALWAYS_SEARCH_USER_PATHS = NO;
				CLANG_ANALYZER_NONNULL = YES;
				CLANG_ANALYZER_NUMBER_OBJECT_CONVERSION = YES_AGGRESSIVE;
				CLANG_CXX_LANGUAGE_STANDARD = "gnu++14";
				CLANG_CXX_LIBRARY = "libc++";
				CLANG_ENABLE_MODULES = YES;
				CLANG_ENABLE_OBJC_ARC = YES;
				CLANG_ENABLE_OBJC_WEAK = YES;
				CLANG_WARN_BLOCK_CAPTURE_AUTORELEASING = YES;
				CLANG_WARN_BOOL_CONVERSION = YES;
				CLANG_WARN_COMMA = YES;
				CLANG_WARN_CONSTANT_CONVERSION = YES;
				CLANG_WARN_DEPRECATED_OBJC_IMPLEMENTATIONS = YES;
				CLANG_WARN_DIRECT_OBJC_ISA_USAGE = YES_ERROR;
				CLANG_WARN_DOCUMENTATION_COMMENTS = YES;
				CLANG_WARN_EMPTY_BODY = YES;
				CLANG_WARN_ENUM_CONVERSION = YES;
				CLANG_WARN_INFINITE_RECURSION = YES;
				CLANG_WARN_INT_CONVERSION = YES;
				CLANG_WARN_NON_LITERAL_NULL_CONVERSION = YES;
				CLANG_WARN_OBJC_IMPLICIT_RETAIN_SELF = YES;
				CLANG_WARN_OBJC_LITERAL_CONVERSION = YES;
				CLANG_WARN_OBJC_ROOT_CLASS = YES_ERROR;
				CLANG_WARN_QUOTED_INCLUDE_IN_FRAMEWORK_HEADER = YES;
				CLANG_WARN_RANGE_LOOP_ANALYSIS = YES;
				CLANG_WARN_STRICT_PROTOTYPES = YES;
				CLANG_WARN_SUSPICIOUS_MOVE = YES;
				CLANG_WARN_UNGUARDED_AVAILABILITY = YES_AGGRESSIVE;
				CLANG_WARN_UNREACHABLE_CODE = YES;
				CLANG_WARN__DUPLICATE_METHOD_MATCH = YES;
				COPY_PHASE_STRIP = NO;
				DEBUG_INFORMATION_FORMAT = dwarf;
				ENABLE_STRICT_OBJC_MSGSEND = YES;
				ENABLE_TESTABILITY = YES;
				GCC_C_LANGUAGE_STANDARD = gnu11;
				GCC_DYNAMIC_NO_PIC = NO;
				GCC_NO_COMMON_BLOCKS = YES;
				GCC_OPTIMIZATION_LEVEL = 0;
				GCC_PREPROCESSOR_DEFINITIONS = (
					"DEBUG=1",
					"$(inherited)",
				);
				GCC_WARN_64_TO_32_BIT_CONVERSION = YES;
				GCC_WARN_ABOUT_RETURN_TYPE = YES_ERROR;
				GCC_WARN_UNDECLARED_SELECTOR = YES;
				GCC_WARN_UNINITIALIZED_AUTOS = YES_AGGRESSIVE;
				GCC_WARN_UNUSED_FUNCTION = YES;
				GCC_WARN_UNUSED_VARIABLE = YES;
				IPHONEOS_DEPLOYMENT_TARGET = 14.4;
				MTL_ENABLE_DEBUG_INFO = INCLUDE_SOURCE;
				MTL_FAST_MATH = YES;
				ONLY_ACTIVE_ARCH = YES;
				SDKROOT = iphoneos;
				SWIFT_ACTIVE_COMPILATION_CONDITIONS = DEBUG;
				SWIFT_OPTIMIZATION_LEVEL = "-Onone";
			};
			name = Debug;
		};
		624D3DFA25C74D41006D5837 /* Release */ = {
			isa = XCBuildConfiguration;
			buildSettings = {
				ALWAYS_SEARCH_USER_PATHS = NO;
				CLANG_ANALYZER_NONNULL = YES;
				CLANG_ANALYZER_NUMBER_OBJECT_CONVERSION = YES_AGGRESSIVE;
				CLANG_CXX_LANGUAGE_STANDARD = "gnu++14";
				CLANG_CXX_LIBRARY = "libc++";
				CLANG_ENABLE_MODULES = YES;
				CLANG_ENABLE_OBJC_ARC = YES;
				CLANG_ENABLE_OBJC_WEAK = YES;
				CLANG_WARN_BLOCK_CAPTURE_AUTORELEASING = YES;
				CLANG_WARN_BOOL_CONVERSION = YES;
				CLANG_WARN_COMMA = YES;
				CLANG_WARN_CONSTANT_CONVERSION = YES;
				CLANG_WARN_DEPRECATED_OBJC_IMPLEMENTATIONS = YES;
				CLANG_WARN_DIRECT_OBJC_ISA_USAGE = YES_ERROR;
				CLANG_WARN_DOCUMENTATION_COMMENTS = YES;
				CLANG_WARN_EMPTY_BODY = YES;
				CLANG_WARN_ENUM_CONVERSION = YES;
				CLANG_WARN_INFINITE_RECURSION = YES;
				CLANG_WARN_INT_CONVERSION = YES;
				CLANG_WARN_NON_LITERAL_NULL_CONVERSION = YES;
				CLANG_WARN_OBJC_IMPLICIT_RETAIN_SELF = YES;
				CLANG_WARN_OBJC_LITERAL_CONVERSION = YES;
				CLANG_WARN_OBJC_ROOT_CLASS = YES_ERROR;
				CLANG_WARN_QUOTED_INCLUDE_IN_FRAMEWORK_HEADER = YES;
				CLANG_WARN_RANGE_LOOP_ANALYSIS = YES;
				CLANG_WARN_STRICT_PROTOTYPES = YES;
				CLANG_WARN_SUSPICIOUS_MOVE = YES;
				CLANG_WARN_UNGUARDED_AVAILABILITY = YES_AGGRESSIVE;
				CLANG_WARN_UNREACHABLE_CODE = YES;
				CLANG_WARN__DUPLICATE_METHOD_MATCH = YES;
				COPY_PHASE_STRIP = NO;
				DEBUG_INFORMATION_FORMAT = "dwarf-with-dsym";
				ENABLE_NS_ASSERTIONS = NO;
				ENABLE_STRICT_OBJC_MSGSEND = YES;
				GCC_C_LANGUAGE_STANDARD = gnu11;
				GCC_NO_COMMON_BLOCKS = YES;
				GCC_WARN_64_TO_32_BIT_CONVERSION = YES;
				GCC_WARN_ABOUT_RETURN_TYPE = YES_ERROR;
				GCC_WARN_UNDECLARED_SELECTOR = YES;
				GCC_WARN_UNINITIALIZED_AUTOS = YES_AGGRESSIVE;
				GCC_WARN_UNUSED_FUNCTION = YES;
				GCC_WARN_UNUSED_VARIABLE = YES;
				IPHONEOS_DEPLOYMENT_TARGET = 14.4;
				MTL_ENABLE_DEBUG_INFO = NO;
				MTL_FAST_MATH = YES;
				SDKROOT = iphoneos;
				SWIFT_COMPILATION_MODE = wholemodule;
				SWIFT_OPTIMIZATION_LEVEL = "-O";
				VALIDATE_PRODUCT = YES;
			};
			name = Release;
		};
		624D3DFC25C74D41006D5837 /* Debug */ = {
			isa = XCBuildConfiguration;
			buildSettings = {
				ASSETCATALOG_COMPILER_APPICON_NAME = AppIcon;
				ASSETCATALOG_COMPILER_GLOBAL_ACCENT_COLOR_NAME = AccentColor;
				CODE_SIGN_STYLE = Automatic;
				DEVELOPMENT_TEAM = 7BHCDJ55EZ;
				INFOPLIST_FILE = myAppUIKit/Info.plist;
				LD_RUNPATH_SEARCH_PATHS = (
					"$(inherited)",
					"@executable_path/Frameworks",
				);
				PRODUCT_BUNDLE_IDENTIFIER = SJSU.cmpelkk.myAppUIKit;
				PRODUCT_NAME = "$(TARGET_NAME)";
				SWIFT_VERSION = 5.0;
				TARGETED_DEVICE_FAMILY = "1,2";
			};
			name = Debug;
		};
		624D3DFD25C74D41006D5837 /* Release */ = {
			isa = XCBuildConfiguration;
			buildSettings = {
				ASSETCATALOG_COMPILER_APPICON_NAME = AppIcon;
				ASSETCATALOG_COMPILER_GLOBAL_ACCENT_COLOR_NAME = AccentColor;
				CODE_SIGN_STYLE = Automatic;
				DEVELOPMENT_TEAM = 7BHCDJ55EZ;
				INFOPLIST_FILE = myAppUIKit/Info.plist;
				LD_RUNPATH_SEARCH_PATHS = (
					"$(inherited)",
					"@executable_path/Frameworks",
				);
				PRODUCT_BUNDLE_IDENTIFIER = SJSU.cmpelkk.myAppUIKit;
				PRODUCT_NAME = "$(TARGET_NAME)";
				SWIFT_VERSION = 5.0;
				TARGETED_DEVICE_FAMILY = "1,2";
			};
			name = Release;
		};
		624D3DFF25C74D41006D5837 /* Debug */ = {
			isa = XCBuildConfiguration;
			buildSettings = {
				ALWAYS_EMBED_SWIFT_STANDARD_LIBRARIES = YES;
				BUNDLE_LOADER = "$(TEST_HOST)";
				CODE_SIGN_STYLE = Automatic;
				DEVELOPMENT_TEAM = 7BHCDJ55EZ;
				INFOPLIST_FILE = myAppUIKitTests/Info.plist;
				IPHONEOS_DEPLOYMENT_TARGET = 14.4;
				LD_RUNPATH_SEARCH_PATHS = (
					"$(inherited)",
					"@executable_path/Frameworks",
					"@loader_path/Frameworks",
				);
				PRODUCT_BUNDLE_IDENTIFIER = SJSU.cmpelkk.myAppUIKitTests;
				PRODUCT_NAME = "$(TARGET_NAME)";
				SWIFT_VERSION = 5.0;
				TARGETED_DEVICE_FAMILY = "1,2";
				TEST_HOST = "$(BUILT_PRODUCTS_DIR)/myAppUIKit.app/myAppUIKit";
			};
			name = Debug;
		};
		624D3E0025C74D41006D5837 /* Release */ = {
			isa = XCBuildConfiguration;
			buildSettings = {
				ALWAYS_EMBED_SWIFT_STANDARD_LIBRARIES = YES;
				BUNDLE_LOADER = "$(TEST_HOST)";
				CODE_SIGN_STYLE = Automatic;
				DEVELOPMENT_TEAM = 7BHCDJ55EZ;
				INFOPLIST_FILE = myAppUIKitTests/Info.plist;
				IPHONEOS_DEPLOYMENT_TARGET = 14.4;
				LD_RUNPATH_SEARCH_PATHS = (
					"$(inherited)",
					"@executable_path/Frameworks",
					"@loader_path/Frameworks",
				);
				PRODUCT_BUNDLE_IDENTIFIER = SJSU.cmpelkk.myAppUIKitTests;
				PRODUCT_NAME = "$(TARGET_NAME)";
				SWIFT_VERSION = 5.0;
				TARGETED_DEVICE_FAMILY = "1,2";
				TEST_HOST = "$(BUILT_PRODUCTS_DIR)/myAppUIKit.app/myAppUIKit";
			};
			name = Release;
		};
		624D3E0225C74D41006D5837 /* Debug */ = {
			isa = XCBuildConfiguration;
			buildSettings = {
				ALWAYS_EMBED_SWIFT_STANDARD_LIBRARIES = YES;
				CODE_SIGN_STYLE = Automatic;
				DEVELOPMENT_TEAM = 7BHCDJ55EZ;
				INFOPLIST_FILE = myAppUIKitUITests/Info.plist;
				LD_RUNPATH_SEARCH_PATHS = (
					"$(inherited)",
					"@executable_path/Frameworks",
					"@loader_path/Frameworks",
				);
				PRODUCT_BUNDLE_IDENTIFIER = SJSU.cmpelkk.myAppUIKitUITests;
				PRODUCT_NAME = "$(TARGET_NAME)";
				SWIFT_VERSION = 5.0;
				TARGETED_DEVICE_FAMILY = "1,2";
				TEST_TARGET_NAME = myAppUIKit;
			};
			name = Debug;
		};
		624D3E0325C74D41006D5837 /* Release */ = {
			isa = XCBuildConfiguration;
			buildSettings = {
				ALWAYS_EMBED_SWIFT_STANDARD_LIBRARIES = YES;
				CODE_SIGN_STYLE = Automatic;
				DEVELOPMENT_TEAM = 7BHCDJ55EZ;
				INFOPLIST_FILE = myAppUIKitUITests/Info.plist;
				LD_RUNPATH_SEARCH_PATHS = (
					"$(inherited)",
					"@executable_path/Frameworks",
					"@loader_path/Frameworks",
				);
				PRODUCT_BUNDLE_IDENTIFIER = SJSU.cmpelkk.myAppUIKitUITests;
				PRODUCT_NAME = "$(TARGET_NAME)";
				SWIFT_VERSION = 5.0;
				TARGETED_DEVICE_FAMILY = "1,2";
				TEST_TARGET_NAME = myAppUIKit;
			};
			name = Release;
		};
/* End XCBuildConfiguration section */

/* Begin XCConfigurationList section */
		624D3DCC25C74D40006D5837 /* Build configuration list for PBXProject "myAppUIKit" */ = {
			isa = XCConfigurationList;
			buildConfigurations = (
				624D3DF925C74D41006D5837 /* Debug */,
				624D3DFA25C74D41006D5837 /* Release */,
			);
			defaultConfigurationIsVisible = 0;
			defaultConfigurationName = Release;
		};
		624D3DFB25C74D41006D5837 /* Build configuration list for PBXNativeTarget "myAppUIKit" */ = {
			isa = XCConfigurationList;
			buildConfigurations = (
				624D3DFC25C74D41006D5837 /* Debug */,
				624D3DFD25C74D41006D5837 /* Release */,
			);
			defaultConfigurationIsVisible = 0;
			defaultConfigurationName = Release;
		};
		624D3DFE25C74D41006D5837 /* Build configuration list for PBXNativeTarget "myAppUIKitTests" */ = {
			isa = XCConfigurationList;
			buildConfigurations = (
				624D3DFF25C74D41006D5837 /* Debug */,
				624D3E0025C74D41006D5837 /* Release */,
			);
			defaultConfigurationIsVisible = 0;
			defaultConfigurationName = Release;
		};
		624D3E0125C74D41006D5837 /* Build configuration list for PBXNativeTarget "myAppUIKitUITests" */ = {
			isa = XCConfigurationList;
			buildConfigurations = (
				624D3E0225C74D41006D5837 /* Debug */,
				624D3E0325C74D41006D5837 /* Release */,
			);
			defaultConfigurationIsVisible = 0;
			defaultConfigurationName = Release;
		};
/* End XCConfigurationList section */
	};
	rootObject = 624D3DC925C74D40006D5837 /* Project object */;
}
